// !$*UTF8*$!
{
	archiveVersion = 1;
	classes = {
	};
	objectVersion = 55;
	objects = {

/* Begin PBXBuildFile section */
		32BD88D1255D0A95530F49A4 /* Pods_firebase_sample.framework in Frameworks */ = {isa = PBXBuildFile; fileRef = EFCFEDED392B469DBB544923 /* Pods_firebase_sample.framework */; };
		A3069D3A28CED73700D84D1F /* SignInViewController.swift in Sources */ = {isa = PBXBuildFile; fileRef = A3069D3928CED73700D84D1F /* SignInViewController.swift */; };
		A3B31B3328CEC0A600A606F9 /* AppDelegate.swift in Sources */ = {isa = PBXBuildFile; fileRef = A3B31B3228CEC0A600A606F9 /* AppDelegate.swift */; };
		A3B31B3528CEC0A600A606F9 /* SceneDelegate.swift in Sources */ = {isa = PBXBuildFile; fileRef = A3B31B3428CEC0A600A606F9 /* SceneDelegate.swift */; };
		A3B31B3728CEC0A600A606F9 /* SignUpViewController.swift in Sources */ = {isa = PBXBuildFile; fileRef = A3B31B3628CEC0A600A606F9 /* SignUpViewController.swift */; };
		A3B31B3A28CEC0A600A606F9 /* Main.storyboard in Resources */ = {isa = PBXBuildFile; fileRef = A3B31B3828CEC0A600A606F9 /* Main.storyboard */; };
		A3B31B3C28CEC0AA00A606F9 /* Assets.xcassets in Resources */ = {isa = PBXBuildFile; fileRef = A3B31B3B28CEC0AA00A606F9 /* Assets.xcassets */; };
		A3B31B3F28CEC0AA00A606F9 /* LaunchScreen.storyboard in Resources */ = {isa = PBXBuildFile; fileRef = A3B31B3D28CEC0AA00A606F9 /* LaunchScreen.storyboard */; };
		A3B31B4728CEC16800A606F9 /* GoogleService-Info.plist in Resources */ = {isa = PBXBuildFile; fileRef = A3B31B4628CEC16800A606F9 /* GoogleService-Info.plist */; };
		A3F7E4F728CF3728003134D8 /* MenuViewController.swift in Sources */ = {isa = PBXBuildFile; fileRef = A3F7E4F628CF3728003134D8 /* MenuViewController.swift */; };
		A3F7E4F928CF3743003134D8 /* MailAddressUpdateViewController.swift in Sources */ = {isa = PBXBuildFile; fileRef = A3F7E4F828CF3743003134D8 /* MailAddressUpdateViewController.swift */; };
		A3F7E4FB28D15EFB003134D8 /* PasswordUpdateViewController.swift in Sources */ = {isa = PBXBuildFile; fileRef = A3F7E4FA28D15EFB003134D8 /* PasswordUpdateViewController.swift */; };
		A3F7E4FD28D16810003134D8 /* WebViewViewController.swift in Sources */ = {isa = PBXBuildFile; fileRef = A3F7E4FC28D16810003134D8 /* WebViewViewController.swift */; };
		A3F7E50028D1A9AE003134D8 /* WebViewSecondViewController.swift in Sources */ = {isa = PBXBuildFile; fileRef = A3F7E4FF28D1A9AE003134D8 /* WebViewSecondViewController.swift */; };
		A3F7E50928D4349A003134D8 /* UIAlertController+Extention.swift in Sources */ = {isa = PBXBuildFile; fileRef = A3F7E50828D4349A003134D8 /* UIAlertController+Extention.swift */; };
/* End PBXBuildFile section */

/* Begin PBXFileReference section */
		05E57FA96BBE3FE9BDEE7B95 /* Pods-firebase-sample.debug.xcconfig */ = {isa = PBXFileReference; includeInIndex = 1; lastKnownFileType = text.xcconfig; name = "Pods-firebase-sample.debug.xcconfig"; path = "Target Support Files/Pods-firebase-sample/Pods-firebase-sample.debug.xcconfig"; sourceTree = "<group>"; };
		A3069D3928CED73700D84D1F /* SignInViewController.swift */ = {isa = PBXFileReference; lastKnownFileType = sourcecode.swift; path = SignInViewController.swift; sourceTree = "<group>"; };
		A3B31B2F28CEC0A600A606F9 /* firebase-sample.app */ = {isa = PBXFileReference; explicitFileType = wrapper.application; includeInIndex = 0; path = "firebase-sample.app"; sourceTree = BUILT_PRODUCTS_DIR; };
		A3B31B3228CEC0A600A606F9 /* AppDelegate.swift */ = {isa = PBXFileReference; lastKnownFileType = sourcecode.swift; path = AppDelegate.swift; sourceTree = "<group>"; };
		A3B31B3428CEC0A600A606F9 /* SceneDelegate.swift */ = {isa = PBXFileReference; lastKnownFileType = sourcecode.swift; path = SceneDelegate.swift; sourceTree = "<group>"; };
		A3B31B3628CEC0A600A606F9 /* SignUpViewController.swift */ = {isa = PBXFileReference; lastKnownFileType = sourcecode.swift; path = SignUpViewController.swift; sourceTree = "<group>"; };
		A3B31B3928CEC0A600A606F9 /* Base */ = {isa = PBXFileReference; lastKnownFileType = file.storyboard; name = Base; path = Base.lproj/Main.storyboard; sourceTree = "<group>"; };
		A3B31B3B28CEC0AA00A606F9 /* Assets.xcassets */ = {isa = PBXFileReference; lastKnownFileType = folder.assetcatalog; path = Assets.xcassets; sourceTree = "<group>"; };
		A3B31B3E28CEC0AA00A606F9 /* Base */ = {isa = PBXFileReference; lastKnownFileType = file.storyboard; name = Base; path = Base.lproj/LaunchScreen.storyboard; sourceTree = "<group>"; };
		A3B31B4028CEC0AA00A606F9 /* Info.plist */ = {isa = PBXFileReference; lastKnownFileType = text.plist.xml; path = Info.plist; sourceTree = "<group>"; };
		A3B31B4628CEC16800A606F9 /* GoogleService-Info.plist */ = {isa = PBXFileReference; fileEncoding = 4; lastKnownFileType = text.plist.xml; path = "GoogleService-Info.plist"; sourceTree = "<group>"; };
		A3F7E4F628CF3728003134D8 /* MenuViewController.swift */ = {isa = PBXFileReference; lastKnownFileType = sourcecode.swift; path = MenuViewController.swift; sourceTree = "<group>"; };
		A3F7E4F828CF3743003134D8 /* MailAddressUpdateViewController.swift */ = {isa = PBXFileReference; lastKnownFileType = sourcecode.swift; path = MailAddressUpdateViewController.swift; sourceTree = "<group>"; };
		A3F7E4FA28D15EFB003134D8 /* PasswordUpdateViewController.swift */ = {isa = PBXFileReference; lastKnownFileType = sourcecode.swift; path = PasswordUpdateViewController.swift; sourceTree = "<group>"; };
		A3F7E4FC28D16810003134D8 /* WebViewViewController.swift */ = {isa = PBXFileReference; lastKnownFileType = sourcecode.swift; path = WebViewViewController.swift; sourceTree = "<group>"; };
		A3F7E4FF28D1A9AE003134D8 /* WebViewSecondViewController.swift */ = {isa = PBXFileReference; lastKnownFileType = sourcecode.swift; path = WebViewSecondViewController.swift; sourceTree = "<group>"; };
		A3F7E50828D4349A003134D8 /* UIAlertController+Extention.swift */ = {isa = PBXFileReference; fileEncoding = 4; lastKnownFileType = sourcecode.swift; path = "UIAlertController+Extention.swift"; sourceTree = "<group>"; };
		B20C274B139664E97F6C6875 /* Pods-firebase-sample.release.xcconfig */ = {isa = PBXFileReference; includeInIndex = 1; lastKnownFileType = text.xcconfig; name = "Pods-firebase-sample.release.xcconfig"; path = "Target Support Files/Pods-firebase-sample/Pods-firebase-sample.release.xcconfig"; sourceTree = "<group>"; };
		EFCFEDED392B469DBB544923 /* Pods_firebase_sample.framework */ = {isa = PBXFileReference; explicitFileType = wrapper.framework; includeInIndex = 0; path = Pods_firebase_sample.framework; sourceTree = BUILT_PRODUCTS_DIR; };
/* End PBXFileReference section */

/* Begin PBXFrameworksBuildPhase section */
		A3B31B2C28CEC0A600A606F9 /* Frameworks */ = {
			isa = PBXFrameworksBuildPhase;
			buildActionMask = 2147483647;
			files = (
				32BD88D1255D0A95530F49A4 /* Pods_firebase_sample.framework in Frameworks */,
			);
			runOnlyForDeploymentPostprocessing = 0;
		};
/* End PBXFrameworksBuildPhase section */

/* Begin PBXGroup section */
		2359F59EE38CB97B86FA306F /* Frameworks */ = {
			isa = PBXGroup;
			children = (
				EFCFEDED392B469DBB544923 /* Pods_firebase_sample.framework */,
			);
			name = Frameworks;
			sourceTree = "<group>";
		};
		A3B31B2628CEC0A600A606F9 = {
			isa = PBXGroup;
			children = (
				A3B31B3128CEC0A600A606F9 /* firebase-sample */,
				A3B31B3028CEC0A600A606F9 /* Products */,
				AF6634C5DDA44CBD9F1EF300 /* Pods */,
				2359F59EE38CB97B86FA306F /* Frameworks */,
			);
			sourceTree = "<group>";
		};
		A3B31B3028CEC0A600A606F9 /* Products */ = {
			isa = PBXGroup;
			children = (
				A3B31B2F28CEC0A600A606F9 /* firebase-sample.app */,
			);
			name = Products;
			sourceTree = "<group>";
		};
		A3B31B3128CEC0A600A606F9 /* firebase-sample */ = {
			isa = PBXGroup;
			children = (
				A3B31B3428CEC0A600A606F9 /* SceneDelegate.swift */,
				A3F7E4FE28D1682D003134D8 /* ViewController */,
				A3B31B3828CEC0A600A606F9 /* Main.storyboard */,
				A3B31B3B28CEC0AA00A606F9 /* Assets.xcassets */,
				A3B31B3D28CEC0AA00A606F9 /* LaunchScreen.storyboard */,
				A3B31B4628CEC16800A606F9 /* GoogleService-Info.plist */,
				A3B31B4028CEC0AA00A606F9 /* Info.plist */,
			);
			path = "firebase-sample";
			sourceTree = "<group>";
		};
		A3F7E4FE28D1682D003134D8 /* ViewController */ = {
			isa = PBXGroup;
			children = (
				A3B31B3228CEC0A600A606F9 /* AppDelegate.swift */,
				A3B31B3628CEC0A600A606F9 /* SignUpViewController.swift */,
				A3069D3928CED73700D84D1F /* SignInViewController.swift */,
				A3F7E4F628CF3728003134D8 /* MenuViewController.swift */,
				A3F7E4F828CF3743003134D8 /* MailAddressUpdateViewController.swift */,
				A3F7E4FA28D15EFB003134D8 /* PasswordUpdateViewController.swift */,
				A3F7E4FC28D16810003134D8 /* WebViewViewController.swift */,
				A3F7E50728D4349A003134D8 /* Extention */,
				A3F7E4FF28D1A9AE003134D8 /* WebViewSecondViewController.swift */,
			);
			path = ViewController;
			sourceTree = "<group>";
		};
		A3F7E50728D4349A003134D8 /* Extention */ = {
			isa = PBXGroup;
			children = (
				A3F7E50828D4349A003134D8 /* UIAlertController+Extention.swift */,
			);
			name = Extention;
			path = "firebase-sample/Extention";
			sourceTree = SOURCE_ROOT;
		};
		AF6634C5DDA44CBD9F1EF300 /* Pods */ = {
			isa = PBXGroup;
			children = (
				05E57FA96BBE3FE9BDEE7B95 /* Pods-firebase-sample.debug.xcconfig */,
				B20C274B139664E97F6C6875 /* Pods-firebase-sample.release.xcconfig */,
			);
			path = Pods;
			sourceTree = "<group>";
		};
/* End PBXGroup section */

/* Begin PBXNativeTarget section */
		A3B31B2E28CEC0A600A606F9 /* firebase-sample */ = {
			isa = PBXNativeTarget;
			buildConfigurationList = A3B31B4328CEC0AA00A606F9 /* Build configuration list for PBXNativeTarget "firebase-sample" */;
			buildPhases = (
				E2F14A57273BD7377FD26548 /* [CP] Check Pods Manifest.lock */,
				A3B31B2B28CEC0A600A606F9 /* Sources */,
				A3B31B2C28CEC0A600A606F9 /* Frameworks */,
				A3B31B2D28CEC0A600A606F9 /* Resources */,
				F5508BF6C9690839C472B048 /* [CP] Embed Pods Frameworks */,
				A3AB3DA929236D330070B6B7 /* ShellScript */,
			);
			buildRules = (
			);
			dependencies = (
			);
			name = "firebase-sample";
			productName = "firebase-sample";
			productReference = A3B31B2F28CEC0A600A606F9 /* firebase-sample.app */;
			productType = "com.apple.product-type.application";
		};
/* End PBXNativeTarget section */

/* Begin PBXProject section */
		A3B31B2728CEC0A600A606F9 /* Project object */ = {
			isa = PBXProject;
			attributes = {
				BuildIndependentTargetsInParallel = 1;
				LastSwiftUpdateCheck = 1320;
				LastUpgradeCheck = 1320;
				TargetAttributes = {
					A3B31B2E28CEC0A600A606F9 = {
						CreatedOnToolsVersion = 13.2.1;
					};
				};
			};
			buildConfigurationList = A3B31B2A28CEC0A600A606F9 /* Build configuration list for PBXProject "firebase-sample" */;
			compatibilityVersion = "Xcode 13.0";
			developmentRegion = en;
			hasScannedForEncodings = 0;
			knownRegions = (
				en,
				Base,
			);
			mainGroup = A3B31B2628CEC0A600A606F9;
			productRefGroup = A3B31B3028CEC0A600A606F9 /* Products */;
			projectDirPath = "";
			projectRoot = "";
			targets = (
				A3B31B2E28CEC0A600A606F9 /* firebase-sample */,
			);
		};
/* End PBXProject section */

/* Begin PBXResourcesBuildPhase section */
		A3B31B2D28CEC0A600A606F9 /* Resources */ = {
			isa = PBXResourcesBuildPhase;
			buildActionMask = 2147483647;
			files = (
				A3B31B3F28CEC0AA00A606F9 /* LaunchScreen.storyboard in Resources */,
				A3B31B4728CEC16800A606F9 /* GoogleService-Info.plist in Resources */,
				A3B31B3C28CEC0AA00A606F9 /* Assets.xcassets in Resources */,
				A3B31B3A28CEC0A600A606F9 /* Main.storyboard in Resources */,
			);
			runOnlyForDeploymentPostprocessing = 0;
		};
/* End PBXResourcesBuildPhase section */

/* Begin PBXShellScriptBuildPhase section */
		A3AB3DA929236D330070B6B7 /* ShellScript */ = {
			isa = PBXShellScriptBuildPhase;
			buildActionMask = 2147483647;
			files = (
			);
			inputFileListPaths = (
			);
			inputPaths = (
				"${DWARF_DSYM_FOLDER_PATH}/${DWARF_DSYM_FILE_NAME}/Contents/Resources/DWARF/${TARGET_NAME}",
				"$(SRCROOT)/$(BUILT_PRODUCTS_DIR)/$(INFOPLIST_PATH)",
			);
			outputFileListPaths = (
			);
			outputPaths = (
			);
			runOnlyForDeploymentPostprocessing = 0;
			shellPath = /bin/sh;
			shellScript = "${PODS_ROOT}/FirebaseCrashlytics/run\n";
		};
		E2F14A57273BD7377FD26548 /* [CP] Check Pods Manifest.lock */ = {
			isa = PBXShellScriptBuildPhase;
			buildActionMask = 2147483647;
			files = (
			);
			inputFileListPaths = (
			);
			inputPaths = (
				"${PODS_PODFILE_DIR_PATH}/Podfile.lock",
				"${PODS_ROOT}/Manifest.lock",
			);
			name = "[CP] Check Pods Manifest.lock";
			outputFileListPaths = (
			);
			outputPaths = (
				"$(DERIVED_FILE_DIR)/Pods-firebase-sample-checkManifestLockResult.txt",
			);
			runOnlyForDeploymentPostprocessing = 0;
			shellPath = /bin/sh;
			shellScript = "diff \"${PODS_PODFILE_DIR_PATH}/Podfile.lock\" \"${PODS_ROOT}/Manifest.lock\" > /dev/null\nif [ $? != 0 ] ; then\n    # print error to STDERR\n    echo \"error: The sandbox is not in sync with the Podfile.lock. Run 'pod install' or update your CocoaPods installation.\" >&2\n    exit 1\nfi\n# This output is used by Xcode 'outputs' to avoid re-running this script phase.\necho \"SUCCESS\" > \"${SCRIPT_OUTPUT_FILE_0}\"\n";
			showEnvVarsInLog = 0;
		};
		F5508BF6C9690839C472B048 /* [CP] Embed Pods Frameworks */ = {
			isa = PBXShellScriptBuildPhase;
			buildActionMask = 2147483647;
			files = (
			);
			inputFileListPaths = (
				"${PODS_ROOT}/Target Support Files/Pods-firebase-sample/Pods-firebase-sample-frameworks-${CONFIGURATION}-input-files.xcfilelist",
			);
			name = "[CP] Embed Pods Frameworks";
			outputFileListPaths = (
				"${PODS_ROOT}/Target Support Files/Pods-firebase-sample/Pods-firebase-sample-frameworks-${CONFIGURATION}-output-files.xcfilelist",
			);
			runOnlyForDeploymentPostprocessing = 0;
			shellPath = /bin/sh;
			shellScript = "\"${PODS_ROOT}/Target Support Files/Pods-firebase-sample/Pods-firebase-sample-frameworks.sh\"\n";
			showEnvVarsInLog = 0;
		};
/* End PBXShellScriptBuildPhase section */

/* Begin PBXSourcesBuildPhase section */
		A3B31B2B28CEC0A600A606F9 /* Sources */ = {
			isa = PBXSourcesBuildPhase;
			buildActionMask = 2147483647;
			files = (
				A3F7E50028D1A9AE003134D8 /* WebViewSecondViewController.swift in Sources */,
				A3F7E50928D4349A003134D8 /* UIAlertController+Extention.swift in Sources */,
				A3069D3A28CED73700D84D1F /* SignInViewController.swift in Sources */,
				A3F7E4F728CF3728003134D8 /* MenuViewController.swift in Sources */,
				A3B31B3728CEC0A600A606F9 /* SignUpViewController.swift in Sources */,
				A3F7E4F928CF3743003134D8 /* MailAddressUpdateViewController.swift in Sources */,
				A3B31B3328CEC0A600A606F9 /* AppDelegate.swift in Sources */,
				A3B31B3528CEC0A600A606F9 /* SceneDelegate.swift in Sources */,
				A3F7E4FD28D16810003134D8 /* WebViewViewController.swift in Sources */,
				A3F7E4FB28D15EFB003134D8 /* PasswordUpdateViewController.swift in Sources */,
			);
			runOnlyForDeploymentPostprocessing = 0;
		};
/* End PBXSourcesBuildPhase section */

/* Begin PBXVariantGroup section */
		A3B31B3828CEC0A600A606F9 /* Main.storyboard */ = {
			isa = PBXVariantGroup;
			children = (
				A3B31B3928CEC0A600A606F9 /* Base */,
			);
			name = Main.storyboard;
			sourceTree = "<group>";
		};
		A3B31B3D28CEC0AA00A606F9 /* LaunchScreen.storyboard */ = {
			isa = PBXVariantGroup;
			children = (
				A3B31B3E28CEC0AA00A606F9 /* Base */,
			);
			name = LaunchScreen.storyboard;
			sourceTree = "<group>";
		};
/* End PBXVariantGroup section */

/* Begin XCBuildConfiguration section */
		A3B31B4128CEC0AA00A606F9 /* Debug */ = {
			isa = XCBuildConfiguration;
			buildSettings = {
				ALWAYS_SEARCH_USER_PATHS = NO;
				CLANG_ANALYZER_NONNULL = YES;
				CLANG_ANALYZER_NUMBER_OBJECT_CONVERSION = YES_AGGRESSIVE;
				CLANG_CXX_LANGUAGE_STANDARD = "gnu++17";
				CLANG_CXX_LIBRARY = "libc++";
				CLANG_ENABLE_MODULES = YES;
				CLANG_ENABLE_OBJC_ARC = YES;
				CLANG_ENABLE_OBJC_WEAK = YES;
				CLANG_WARN_BLOCK_CAPTURE_AUTORELEASING = YES;
				CLANG_WARN_BOOL_CONVERSION = YES;
				CLANG_WARN_COMMA = YES;
				CLANG_WARN_CONSTANT_CONVERSION = YES;
				CLANG_WARN_DEPRECATED_OBJC_IMPLEMENTATIONS = YES;
				CLANG_WARN_DIRECT_OBJC_ISA_USAGE = YES_ERROR;
				CLANG_WARN_DOCUMENTATION_COMMENTS = YES;
				CLANG_WARN_EMPTY_BODY = YES;
				CLANG_WARN_ENUM_CONVERSION = YES;
				CLANG_WARN_INFINITE_RECURSION = YES;
				CLANG_WARN_INT_CONVERSION = YES;
				CLANG_WARN_NON_LITERAL_NULL_CONVERSION = YES;
				CLANG_WARN_OBJC_IMPLICIT_RETAIN_SELF = YES;
				CLANG_WARN_OBJC_LITERAL_CONVERSION = YES;
				CLANG_WARN_OBJC_ROOT_CLASS = YES_ERROR;
				CLANG_WARN_QUOTED_INCLUDE_IN_FRAMEWORK_HEADER = YES;
				CLANG_WARN_RANGE_LOOP_ANALYSIS = YES;
				CLANG_WARN_STRICT_PROTOTYPES = YES;
				CLANG_WARN_SUSPICIOUS_MOVE = YES;
				CLANG_WARN_UNGUARDED_AVAILABILITY = YES_AGGRESSIVE;
				CLANG_WARN_UNREACHABLE_CODE = YES;
				CLANG_WARN__DUPLICATE_METHOD_MATCH = YES;
				COPY_PHASE_STRIP = NO;
				DEBUG_INFORMATION_FORMAT = "dwarf-with-dsym";
				ENABLE_STRICT_OBJC_MSGSEND = YES;
				ENABLE_TESTABILITY = YES;
				GCC_C_LANGUAGE_STANDARD = gnu11;
				GCC_DYNAMIC_NO_PIC = NO;
				GCC_NO_COMMON_BLOCKS = YES;
				GCC_OPTIMIZATION_LEVEL = 0;
				GCC_PREPROCESSOR_DEFINITIONS = (
					"DEBUG=1",
					"$(inherited)",
				);
				GCC_WARN_64_TO_32_BIT_CONVERSION = YES;
				GCC_WARN_ABOUT_RETURN_TYPE = YES_ERROR;
				GCC_WARN_UNDECLARED_SELECTOR = YES;
				GCC_WARN_UNINITIALIZED_AUTOS = YES_AGGRESSIVE;
				GCC_WARN_UNUSED_FUNCTION = YES;
				GCC_WARN_UNUSED_VARIABLE = YES;
				IPHONEOS_DEPLOYMENT_TARGET = 15.2;
				MTL_ENABLE_DEBUG_INFO = INCLUDE_SOURCE;
				MTL_FAST_MATH = YES;
				ONLY_ACTIVE_ARCH = YES;
				SDKROOT = iphoneos;
				SWIFT_ACTIVE_COMPILATION_CONDITIONS = DEBUG;
				SWIFT_OPTIMIZATION_LEVEL = "-Onone";
			};
			name = Debug;
		};
		A3B31B4228CEC0AA00A606F9 /* Release */ = {
			isa = XCBuildConfiguration;
			buildSettings = {
				ALWAYS_SEARCH_USER_PATHS = NO;
				CLANG_ANALYZER_NONNULL = YES;
				CLANG_ANALYZER_NUMBER_OBJECT_CONVERSION = YES_AGGRESSIVE;
				CLANG_CXX_LANGUAGE_STANDARD = "gnu++17";
				CLANG_CXX_LIBRARY = "libc++";
				CLANG_ENABLE_MODULES = YES;
				CLANG_ENABLE_OBJC_ARC = YES;
				CLANG_ENABLE_OBJC_WEAK = YES;
				CLANG_WARN_BLOCK_CAPTURE_AUTORELEASING = YES;
				CLANG_WARN_BOOL_CONVERSION = YES;
				CLANG_WARN_COMMA = YES;
				CLANG_WARN_CONSTANT_CONVERSION = YES;
				CLANG_WARN_DEPRECATED_OBJC_IMPLEMENTATIONS = YES;
				CLANG_WARN_DIRECT_OBJC_ISA_USAGE = YES_ERROR;
				CLANG_WARN_DOCUMENTATION_COMMENTS = YES;
				CLANG_WARN_EMPTY_BODY = YES;
				CLANG_WARN_ENUM_CONVERSION = YES;
				CLANG_WARN_INFINITE_RECURSION = YES;
				CLANG_WARN_INT_CONVERSION = YES;
				CLANG_WARN_NON_LITERAL_NULL_CONVERSION = YES;
				CLANG_WARN_OBJC_IMPLICIT_RETAIN_SELF = YES;
				CLANG_WARN_OBJC_LITERAL_CONVERSION = YES;
				CLANG_WARN_OBJC_ROOT_CLASS = YES_ERROR;
				CLANG_WARN_QUOTED_INCLUDE_IN_FRAMEWORK_HEADER = YES;
				CLANG_WARN_RANGE_LOOP_ANALYSIS = YES;
				CLANG_WARN_STRICT_PROTOTYPES = YES;
				CLANG_WARN_SUSPICIOUS_MOVE = YES;
				CLANG_WARN_UNGUARDED_AVAILABILITY = YES_AGGRESSIVE;
				CLANG_WARN_UNREACHABLE_CODE = YES;
				CLANG_WARN__DUPLICATE_METHOD_MATCH = YES;
				COPY_PHASE_STRIP = NO;
				DEBUG_INFORMATION_FORMAT = "dwarf-with-dsym";
				ENABLE_NS_ASSERTIONS = NO;
				ENABLE_STRICT_OBJC_MSGSEND = YES;
				GCC_C_LANGUAGE_STANDARD = gnu11;
				GCC_NO_COMMON_BLOCKS = YES;
				GCC_WARN_64_TO_32_BIT_CONVERSION = YES;
				GCC_WARN_ABOUT_RETURN_TYPE = YES_ERROR;
				GCC_WARN_UNDECLARED_SELECTOR = YES;
				GCC_WARN_UNINITIALIZED_AUTOS = YES_AGGRESSIVE;
				GCC_WARN_UNUSED_FUNCTION = YES;
				GCC_WARN_UNUSED_VARIABLE = YES;
				IPHONEOS_DEPLOYMENT_TARGET = 15.2;
				MTL_ENABLE_DEBUG_INFO = NO;
				MTL_FAST_MATH = YES;
				SDKROOT = iphoneos;
				SWIFT_COMPILATION_MODE = wholemodule;
				SWIFT_OPTIMIZATION_LEVEL = "-O";
				VALIDATE_PRODUCT = YES;
			};
			name = Release;
		};
		A3B31B4428CEC0AA00A606F9 /* Debug */ = {
			isa = XCBuildConfiguration;
			baseConfigurationReference = 05E57FA96BBE3FE9BDEE7B95 /* Pods-firebase-sample.debug.xcconfig */;
			buildSettings = {
				ASSETCATALOG_COMPILER_APPICON_NAME = AppIcon;
				ASSETCATALOG_COMPILER_GLOBAL_ACCENT_COLOR_NAME = AccentColor;
				CODE_SIGN_STYLE = Automatic;
				CURRENT_PROJECT_VERSION = 1;
				DEVELOPMENT_TEAM = 7V52ALN4PP;
				GENERATE_INFOPLIST_FILE = YES;
				INFOPLIST_FILE = "firebase-sample/Info.plist";
				INFOPLIST_KEY_UIApplicationSupportsIndirectInputEvents = YES;
				INFOPLIST_KEY_UILaunchStoryboardName = LaunchScreen;
				INFOPLIST_KEY_UIMainStoryboardFile = Main;
				INFOPLIST_KEY_UISupportedInterfaceOrientations_iPad = "UIInterfaceOrientationPortrait UIInterfaceOrientationPortraitUpsideDown UIInterfaceOrientationLandscapeLeft UIInterfaceOrientationLandscapeRight";
				INFOPLIST_KEY_UISupportedInterfaceOrientations_iPhone = "UIInterfaceOrientationPortrait UIInterfaceOrientationLandscapeLeft UIInterfaceOrientationLandscapeRight";
				LD_RUNPATH_SEARCH_PATHS = (
					"$(inherited)",
					"@executable_path/Frameworks",
				);
				MARKETING_VERSION = 1.0;
				PRODUCT_BUNDLE_IDENTIFIER = "jp.co.signifi-hsato.firebase-sample";
				PRODUCT_NAME = "$(TARGET_NAME)";
				SWIFT_EMIT_LOC_STRINGS = YES;
				SWIFT_VERSION = 5.0;
				TARGETED_DEVICE_FAMILY = "1,2";
			};
			name = Debug;
		};
		A3B31B4528CEC0AA00A606F9 /* Release */ = {
			isa = XCBuildConfiguration;
			baseConfigurationReference = B20C274B139664E97F6C6875 /* Pods-firebase-sample.release.xcconfig */;
			buildSettings = {
				ASSETCATALOG_COMPILER_APPICON_NAME = AppIcon;
				ASSETCATALOG_COMPILER_GLOBAL_ACCENT_COLOR_NAME = AccentColor;
				CODE_SIGN_STYLE = Automatic;
				CURRENT_PROJECT_VERSION = 1;
				DEVELOPMENT_TEAM = 7V52ALN4PP;
				GENERATE_INFOPLIST_FILE = YES;
				INFOPLIST_FILE = "firebase-sample/Info.plist";
				INFOPLIST_KEY_UIApplicationSupportsIndirectInputEvents = YES;
				INFOPLIST_KEY_UILaunchStoryboardName = LaunchScreen;
				INFOPLIST_KEY_UIMainStoryboardFile = Main;
				INFOPLIST_KEY_UISupportedInterfaceOrientations_iPad = "UIInterfaceOrientationPortrait UIInterfaceOrientationPortraitUpsideDown UIInterfaceOrientationLandscapeLeft UIInterfaceOrientationLandscapeRight";
				INFOPLIST_KEY_UISupportedInterfaceOrientations_iPhone = "UIInterfaceOrientationPortrait UIInterfaceOrientationLandscapeLeft UIInterfaceOrientationLandscapeRight";
				LD_RUNPATH_SEARCH_PATHS = (
					"$(inherited)",
					"@executable_path/Frameworks",
				);
				MARKETING_VERSION = 1.0;
				PRODUCT_BUNDLE_IDENTIFIER = "jp.co.signifi-hsato.firebase-sample";
				PRODUCT_NAME = "$(TARGET_NAME)";
				SWIFT_EMIT_LOC_STRINGS = YES;
				SWIFT_VERSION = 5.0;
				TARGETED_DEVICE_FAMILY = "1,2";
			};
			name = Release;
		};
/* End XCBuildConfiguration section */

/* Begin XCConfigurationList section */
		A3B31B2A28CEC0A600A606F9 /* Build configuration list for PBXProject "firebase-sample" */ = {
			isa = XCConfigurationList;
			buildConfigurations = (
				A3B31B4128CEC0AA00A606F9 /* Debug */,
				A3B31B4228CEC0AA00A606F9 /* Release */,
			);
			defaultConfigurationIsVisible = 0;
			defaultConfigurationName = Release;
		};
		A3B31B4328CEC0AA00A606F9 /* Build configuration list for PBXNativeTarget "firebase-sample" */ = {
			isa = XCConfigurationList;
			buildConfigurations = (
				A3B31B4428CEC0AA00A606F9 /* Debug */,
				A3B31B4528CEC0AA00A606F9 /* Release */,
			);
			defaultConfigurationIsVisible = 0;
			defaultConfigurationName = Release;
		};
/* End XCConfigurationList section */
	};
	rootObject = A3B31B2728CEC0A600A606F9 /* Project object */;
}
